
Microsoft Visual Studio Solution File, Format Version 12.00
# Visual Studio Version 17
VisualStudioVersion = 17.2.32505.173
MinimumVisualStudioVersion = 10.0.40219.1
Project("{8BC9CEB8-8B4A-11D0-8D11-00A0C91BC942}") = "InjectUtility", "InjectUtility\InjectUtility.vcxproj", "{BB5134AA-7C04-4CB1-863A-D6C7FC8DD608}"
EndProject
Project("{8BC9CEB8-8B4A-11D0-8D11-00A0C91BC942}") = "PSHook", "PSHook\PSHook.vcxproj", "{515F74DD-D4D8-4B61-8C77-A2686570E99F}"
EndProject
Project("{8BC9CEB8-8B4A-11D0-8D11-00A0C91BC942}") = "PSUtility", "PSUtility\PSUtility.vcxproj", "{86DE18DE-0C77-46C6-8ADF-1F6486FB9909}"
EndProject
Project("{2150E333-8FDC-42A3-9474-1A3956D46DE8}") = "Элементы решения", "Элементы решения", "{97D55286-D6EE-4189-BEC4-E4F1F4AE2FC9}"
	ProjectSection(SolutionItems) = preProject
		readme.md = readme.md
	EndProjectSection
EndProject
Global
	GlobalSection(SolutionConfigurationPlatforms) = preSolution
		Debug|x64 = Debug|x64
		Debug|x86 = Debug|x86
		Release|x64 = Release|x64
		Release|x86 = Release|x86
	EndGlobalSection
	GlobalSection(ProjectConfigurationPlatforms) = postSolution
		{BB5134AA-7C04-4CB1-863A-D6C7FC8DD608}.Debug|x64.ActiveCfg = Debug|x64
		{BB5134AA-7C04-4CB1-863A-D6C7FC8DD608}.Debug|x64.Build.0 = Debug|x64
		{BB5134AA-7C04-4CB1-863A-D6C7FC8DD608}.Debug|x86.ActiveCfg = Debug|Win32
		{BB5134AA-7C04-4CB1-863A-D6C7FC8DD608}.Debug|x86.Build.0 = Debug|Win32
		{BB5134AA-7C04-4CB1-863A-D6C7FC8DD608}.Release|x64.ActiveCfg = Release|x64
		{BB5134AA-7C04-4CB1-863A-D6C7FC8DD608}.Release|x64.Build.0 = Release|x64
		{BB5134AA-7C04-4CB1-863A-D6C7FC8DD608}.Release|x86.ActiveCfg = Release|Win32
		{BB5134AA-7C04-4CB1-863A-D6C7FC8DD608}.Release|x86.Build.0 = Release|Win32
		{515F74DD-D4D8-4B61-8C77-A2686570E99F}.Debug|x64.ActiveCfg = Debug|x64
		{515F74DD-D4D8-4B61-8C77-A2686570E99F}.Debug|x64.Build.0 = Debug|x64
		{515F74DD-D4D8-4B61-8C77-A2686570E99F}.Debug|x86.ActiveCfg = Debug|Win32
		{515F74DD-D4D8-4B61-8C77-A2686570E99F}.Debug|x86.Build.0 = Debug|Win32
		{515F74DD-D4D8-4B61-8C77-A2686570E99F}.Release|x64.ActiveCfg = Release|x64
		{515F74DD-D4D8-4B61-8C77-A2686570E99F}.Release|x64.Build.0 = Release|x64
		{515F74DD-D4D8-4B61-8C77-A2686570E99F}.Release|x86.ActiveCfg = Release|Win32
		{515F74DD-D4D8-4B61-8C77-A2686570E99F}.Release|x86.Build.0 = Release|Win32
		{86DE18DE-0C77-46C6-8ADF-1F6486FB9909}.Debug|x64.ActiveCfg = Debug|x64
		{86DE18DE-0C77-46C6-8ADF-1F6486FB9909}.Debug|x64.Build.0 = Debug|x64
		{86DE18DE-0C77-46C6-8ADF-1F6486FB9909}.Debug|x86.ActiveCfg = Debug|Win32
		{86DE18DE-0C77-46C6-8ADF-1F6486FB9909}.Debug|x86.Build.0 = Debug|Win32
		{86DE18DE-0C77-46C6-8ADF-1F6486FB9909}.Release|x64.ActiveCfg = Release|x64
		{86DE18DE-0C77-46C6-8ADF-1F6486FB9909}.Release|x64.Build.0 = Release|x64
		{86DE18DE-0C77-46C6-8ADF-1F6486FB9909}.Release|x86.ActiveCfg = Release|Win32
		{86DE18DE-0C77-46C6-8ADF-1F6486FB9909}.Release|x86.Build.0 = Release|Win32
	EndGlobalSection
	GlobalSection(SolutionProperties) = preSolution
		HideSolutionNode = FALSE
	EndGlobalSection
	GlobalSection(ExtensibilityGlobals) = postSolution
		SolutionGuid = {DBB33C1B-5FC2-45D1-A883-FB5E29016974}
	EndGlobalSection
EndGlobal
